// !$*UTF8*$!
{
	archiveVersion = 1;
	classes = {
	};
	objectVersion = 46;
	objects = {

/* Begin PBXBuildFile section */
		56958DB41CE9F35B00216D4B /* main.c in Sources */ = {isa = PBXBuildFile; fileRef = 56958DB31CE9F35B00216D4B /* main.c */; };
		56D338E81CE9F97C0053ABFD /* names_st.c in Sources */ = {isa = PBXBuildFile; fileRef = 56D338E61CE9F97C0053ABFD /* names_st.c */; };
/* End PBXBuildFile section */

/* Begin PBXCopyFilesBuildPhase section */
		56958DAE1CE9F35B00216D4B /* CopyFiles */ = {
			isa = PBXCopyFilesBuildPhase;
			buildActionMask = 2147483647;
			dstPath = /usr/share/man/man1/;
			dstSubfolderSpec = 0;
			files = (
			);
			runOnlyForDeploymentPostprocessing = 1;
		};
/* End PBXCopyFilesBuildPhase section */

/* Begin PBXFileReference section */
		56958DB01CE9F35B00216D4B /* names */ = {isa = PBXFileReference; explicitFileType = "compiled.mach-o.executable"; includeInIndex = 0; path = names; sourceTree = BUILT_PRODUCTS_DIR; };
		56958DB31CE9F35B00216D4B /* main.c */ = {isa = PBXFileReference; lastKnownFileType = sourcecode.c.c; path = main.c; sourceTree = "<group>"; };
		56D338E61CE9F97C0053ABFD /* names_st.c */ = {isa = PBXFileReference; fileEncoding = 4; lastKnownFileType = sourcecode.c.c; path = names_st.c; sourceTree = "<group>"; };
		56D338E71CE9F97C0053ABFD /* names.h */ = {isa = PBXFileReference; fileEncoding = 4; lastKnownFileType = sourcecode.c.h; path = names.h; sourceTree = "<group>"; };
/* End PBXFileReference section */

/* Begin PBXFrameworksBuildPhase section */
		56958DAD1CE9F35B00216D4B /* Frameworks */ = {
			isa = PBXFrameworksBuildPhase;
			buildActionMask = 2147483647;
			files = (
			);
			runOnlyForDeploymentPostprocessing = 0;
		};
/* End PBXFrameworksBuildPhase section */

/* Begin PBXGroup section */
		56958DA71CE9F35B00216D4B = {
			isa = PBXGroup;
			children = (
				56958DB21CE9F35B00216D4B /* names */,
				56958DB11CE9F35B00216D4B /* Products */,
			);
			sourceTree = "<group>";
		};
		56958DB11CE9F35B00216D4B /* Products */ = {
			isa = PBXGroup;
			children = (
				56958DB01CE9F35B00216D4B /* names */,
			);
			name = Products;
			sourceTree = "<group>";
		};
		56958DB21CE9F35B00216D4B /* names */ = {
			isa = PBXGroup;
			children = (
				56958DB31CE9F35B00216D4B /* main.c */,
				56D338E61CE9F97C0053ABFD /* names_st.c */,
				56D338E71CE9F97C0053ABFD /* names.h */,
			);
			path = names;
			sourceTree = "<group>";
		};
/* End PBXGroup section */

/* Begin PBXNativeTarget section */
		56958DAF1CE9F35B00216D4B /* names */ = {
			isa = PBXNativeTarget;
			buildConfigurationList = 56958DB71CE9F35B00216D4B /* Build configuration list for PBXNativeTarget "names" */;
			buildPhases = (
				56958DAC1CE9F35B00216D4B /* Sources */,
				56958DAD1CE9F35B00216D4B /* Frameworks */,
				56958DAE1CE9F35B00216D4B /* CopyFiles */,
			);
			buildRules = (
			);
			dependencies = (
			);
			name = names;
			productName = names;
			productReference = 56958DB01CE9F35B00216D4B /* names */;
			productType = "com.apple.product-type.tool";
		};
/* End PBXNativeTarget section */

/* Begin PBXProject section */
		56958DA81CE9F35B00216D4B /* Project object */ = {
			isa = PBXProject;
			attributes = {
				LastUpgradeCheck = 0720;
				ORGANIZATIONNAME = CHW;
				TargetAttributes = {
					56958DAF1CE9F35B00216D4B = {
						CreatedOnToolsVersion = 7.2.1;
					};
				};
			};
			buildConfigurationList = 56958DAB1CE9F35B00216D4B /* Build configuration list for PBXProject "names" */;
			compatibilityVersion = "Xcode 3.2";
			developmentRegion = English;
			hasScannedForEncodings = 0;
			knownRegions = (
				en,
			);
			mainGroup = 56958DA71CE9F35B00216D4B;
			productRefGroup = 56958DB11CE9F35B00216D4B /* Products */;
			projectDirPath = "";
			projectRoot = "";
			targets = (
				56958DAF1CE9F35B00216D4B /* names */,
			);
		};
/* End PBXProject section */

/* Begin PBXSourcesBuildPhase section */
		56958DAC1CE9F35B00216D4B /* Sources */ = {
			isa = PBXSourcesBuildPhase;
			buildActionMask = 2147483647;
			files = (
				56958DB41CE9F35B00216D4B /* main.c in Sources */,
				56D338E81CE9F97C0053ABFD /* names_st.c in Sources */,
			);
			runOnlyForDeploymentPostprocessing = 0;
		};
/* End PBXSourcesBuildPhase section */

/* Begin XCBuildConfiguration section */
		56958DB51CE9F35B00216D4B /* Debug */ = {
			isa = XCBuildConfiguration;
			buildSettings = {
				ALWAYS_SEARCH_USER_PATHS = NO;
				CLANG_CXX_LANGUAGE_STANDARD = "gnu++0x";
				CLANG_CXX_LIBRARY = "libc++";
				CLANG_ENABLE_MODULES = YES;
				CLANG_ENABLE_OBJC_ARC = YES;
				CLANG_WARN_BOOL_CONVERSION = YES;
				CLANG_WARN_CONSTANT_CONVERSION = YES;
				CLANG_WARN_DIRECT_OBJC_ISA_USAGE = YES_ERROR;
				CLANG_WARN_EMPTY_BODY = YES;
				CLANG_WARN_ENUM_CONVERSION = YES;
				CLANG_WARN_INT_CONVERSION = YES;
				CLANG_WARN_OBJC_ROOT_CLASS = YES_ERROR;
				CLANG_WARN_UNREACHABLE_CODE = YES;
				CLANG_WARN__DUPLICATE_METHOD_MATCH = YES;
				CODE_SIGN_IDENTITY = "-";
				COPY_PHASE_STRIP = NO;
				DEBUG_INFORMATION_FORMAT = dwarf;
				ENABLE_STRICT_OBJC_MSGSEND = YES;
				ENABLE_TESTABILITY = YES;
				GCC_C_LANGUAGE_STANDARD = gnu99;
				GCC_DYNAMIC_NO_PIC = NO;
				GCC_NO_COMMON_BLOCKS = YES;
				GCC_OPTIMIZATION_LEVEL = 0;
				GCC_PREPROCESSOR_DEFINITIONS = (
					"DEBUG=1",
					"$(inherited)",
				);
				GCC_WARN_64_TO_32_BIT_CONVERSION = YES;
				GCC_WARN_ABOUT_RETURN_TYPE = YES_ERROR;
				GCC_WARN_UNDECLARED_SELECTOR = YES;
				GCC_WARN_UNINITIALIZED_AUTOS = YES_AGGRESSIVE;
				GCC_WARN_UNUSED_FUNCTION = YES;
				GCC_WARN_UNUSED_VARIABLE = YES;
				MACOSX_DEPLOYMENT_TARGET = 10.10;
				MTL_ENABLE_DEBUG_INFO = YES;
				ONLY_ACTIVE_ARCH = YES;
				SDKROOT = macosx;
			};
			name = Debug;
		};
		56958DB61CE9F35B00216D4B /* Release */ = {
			isa = XCBuildConfiguration;
			buildSettings = {
				ALWAYS_SEARCH_USER_PATHS = NO;
				CLANG_CXX_LANGUAGE_STANDARD = "gnu++0x";
				CLANG_CXX_LIBRARY = "libc++";
				CLANG_ENABLE_MODULES = YES;
				CLANG_ENABLE_OBJC_ARC = YES;
				CLANG_WARN_BOOL_CONVERSION = YES;
				CLANG_WARN_CONSTANT_CONVERSION = YES;
				CLANG_WARN_DIRECT_OBJC_ISA_USAGE = YES_ERROR;
				CLANG_WARN_EMPTY_BODY = YES;
				CLANG_WARN_ENUM_CONVERSION = YES;
				CLANG_WARN_INT_CONVERSION = YES;
				CLANG_WARN_OBJC_ROOT_CLASS = YES_ERROR;
				CLANG_WARN_UNREACHABLE_CODE = YES;
				CLANG_WARN__DUPLICATE_METHOD_MATCH = YES;
				CODE_SIGN_IDENTITY = "-";
				COPY_PHASE_STRIP = NO;
				DEBUG_INFORMATION_FORMAT = "dwarf-with-dsym";
				ENABLE_NS_ASSERTIONS = NO;
				ENABLE_STRICT_OBJC_MSGSEND = YES;
				GCC_C_LANGUAGE_STANDARD = gnu99;
				GCC_NO_COMMON_BLOCKS = YES;
				GCC_WARN_64_TO_32_BIT_CONVERSION = YES;
				GCC_WARN_ABOUT_RETURN_TYPE = YES_ERROR;
				GCC_WARN_UNDECLARED_SELECTOR = YES;
				GCC_WARN_UNINITIALIZED_AUTOS = YES_AGGRESSIVE;
				GCC_WARN_UNUSED_FUNCTION = YES;
				GCC_WARN_UNUSED_VARIABLE = YES;
				MACOSX_DEPLOYMENT_TARGET = 10.10;
				MTL_ENABLE_DEBUG_INFO = NO;
				SDKROOT = macosx;
			};
			name = Release;
		};
		56958DB81CE9F35B00216D4B /* Debug */ = {
			isa = XCBuildConfiguration;
			buildSettings = {
				PRODUCT_NAME = "$(TARGET_NAME)";
			};
			name = Debug;
		};
		56958DB91CE9F35B00216D4B /* Release */ = {
			isa = XCBuildConfiguration;
			buildSettings = {
				PRODUCT_NAME = "$(TARGET_NAME)";
			};
			name = Release;
		};
/* End XCBuildConfiguration section */

/* Begin XCConfigurationList section */
		56958DAB1CE9F35B00216D4B /* Build configuration list for PBXProject "names" */ = {
			isa = XCConfigurationList;
			buildConfigurations = (
				56958DB51CE9F35B00216D4B /* Debug */,
				56958DB61CE9F35B00216D4B /* Release */,
			);
			defaultConfigurationIsVisible = 0;
			defaultConfigurationName = Release;
		};
		56958DB71CE9F35B00216D4B /* Build configuration list for PBXNativeTarget "names" */ = {
			isa = XCConfigurationList;
			buildConfigurations = (
				56958DB81CE9F35B00216D4B /* Debug */,
				56958DB91CE9F35B00216D4B /* Release */,
			);
			defaultConfigurationIsVisible = 0;
			defaultConfigurationName = Release;
		};
/* End XCConfigurationList section */
	};
	rootObject = 56958DA81CE9F35B00216D4B /* Project object */;
}
